
Microsoft Visual Studio Solution File, Format Version 12.00
# Visual Studio 15
VisualStudioVersion = 15.0.27428.2015
MinimumVisualStudioVersion = 10.0.40219.1
Project("{FAE04EC0-301F-11D3-BF4B-00C04F79EFBC}") = "SimpleDynamoDbOrm", "SimpleDynamoDbOrm\SimpleDynamoDbOrm.csproj", "{47468CA1-A6F1-405F-94FF-AB86F0CFC82D}"
EndProject
Global
	GlobalSection(SolutionConfigurationPlatforms) = preSolution
		Debug|Any CPU = Debug|Any CPU
		Release|Any CPU = Release|Any CPU
	EndGlobalSection
	GlobalSection(ProjectConfigurationPlatforms) = postSolution
		{47468CA1-A6F1-405F-94FF-AB86F0CFC82D}.Debug|Any CPU.ActiveCfg = Debug|Any CPU
		{47468CA1-A6F1-405F-94FF-AB86F0CFC82D}.Debug|Any CPU.Build.0 = Debug|Any CPU
		{47468CA1-A6F1-405F-94FF-AB86F0CFC82D}.Release|Any CPU.ActiveCfg = Release|Any CPU
		{47468CA1-A6F1-405F-94FF-AB86F0CFC82D}.Release|Any CPU.Build.0 = Release|Any CPU
	EndGlobalSection
	GlobalSection(SolutionProperties) = preSolution
		HideSolutionNode = FALSE
	EndGlobalSection
	GlobalSection(ExtensibilityGlobals) = postSolution
		SolutionGuid = {238BFA70-AF18-4F7A-B07A-61FA70C9C3A8}
	EndGlobalSection
EndGlobal
